{
  "name": "test-deps-intaller",
  "version": "1.0.0",
  "lockfileVersion": 1,
  "requires": true,
  "dependencies": {
    "@babel/runtime": {
      "version": "7.12.1",
      "resolved": "https://registry.npmjs.org/@babel/runtime/-/runtime-7.12.1.tgz",
      "integrity": "sha512-J5AIf3vPj3UwXaAzb5j1xM4WAQDX3EMgemF8rjCP3SoW09LfRKAXQKt6CoVYl230P6iWdRcBbnLDDdnqWxZSCA==",
      "dev": true,
      "requires": {
        "regenerator-runtime": "^0.13.4"
      }
    },
    "@jimp/bmp": {
      "version": "0.12.1",
      "resolved": "https://registry.npmjs.org/@jimp/bmp/-/bmp-0.12.1.tgz",
      "integrity": "sha512-t16IamuBMv4GiGa1VAMzsgrVKVANxXG81wXECzbikOUkUv7pKJ2vHZDgkLBEsZQ9sAvFCneM1+yoSRpuENrfVQ==",
      "dev": true,
      "requires": {
        "@babel/runtime": "^7.7.2",
        "@jimp/utils": "^0.12.1",
        "bmp-js": "^0.1.0"
      }
    },
    "@jimp/core": {
      "version": "0.12.1",
      "resolved": "https://registry.npmjs.org/@jimp/core/-/core-0.12.1.tgz",
      "integrity": "sha512-mWfjExYEjHxBal+1gPesGChOQBSpxO7WUQkrO9KM7orboitOdQ15G5UA75ce7XVZ+5t+FQPOLmVkVZzzTQSEJA==",
      "dev": true,
      "requires": {
        "@babel/runtime": "^7.7.2",
        "@jimp/utils": "^0.12.1",
        "any-base": "^1.1.0",
        "buffer": "^5.2.0",
        "exif-parser": "^0.1.12",
        "file-type": "^9.0.0",
        "load-bmfont": "^1.3.1",
        "mkdirp": "^0.5.1",
        "phin": "^2.9.1",
        "pixelmatch": "^4.0.2",
        "tinycolor2": "^1.4.1"
      },
      "dependencies": {
        "pixelmatch": {
          "version": "4.0.2",
          "resolved": "https://registry.npmjs.org/pixelmatch/-/pixelmatch-4.0.2.tgz",
          "integrity": "sha1-j0fc7FARtHe2fbA8JDvB8wheiFQ=",
          "dev": true,
          "requires": {
            "pngjs": "^3.0.0"
          }
        }
      }
    },
    "@jimp/custom": {
      "version": "0.12.1",
      "resolved": "https://registry.npmjs.org/@jimp/custom/-/custom-0.12.1.tgz",
      "integrity": "sha512-bVClp8FEJ/11GFTKeRTrfH7NgUWvVO5/tQzO/68aOwMIhbz9BOYQGh533K9+mSy29VjZJo8jxZ0C9ZwYHuFwfA==",
      "dev": true,
      "requires": {
        "@babel/runtime": "^7.7.2",
        "@jimp/core": "^0.12.1"
      }
    },
    "@jimp/gif": {
      "version": "0.12.1",
      "resolved": "https://registry.npmjs.org/@jimp/gif/-/gif-0.12.1.tgz",
      "integrity": "sha512-cGn/AcvMGUGcqR6ByClGSnrja4AYmTwsGVXTQ1+EmfAdTiy6ztGgZCTDpZ/tq4SpdHXwm9wDHez7damKhTrH0g==",
      "dev": true,
      "requires": {
        "@babel/runtime": "^7.7.2",
        "@jimp/utils": "^0.12.1",
        "omggif": "^1.0.9"
      }
    },
    "@jimp/jpeg": {
      "version": "0.12.1",
      "resolved": "https://registry.npmjs.org/@jimp/jpeg/-/jpeg-0.12.1.tgz",
      "integrity": "sha512-UoCUHbKLj2CDCETd7LrJnmK/ExDsSfJXmc1pKkfgomvepjXogdl2KTHf141wL6D+9CfSD2VBWQLC5TvjMvcr9A==",
      "dev": true,
      "requires": {
        "@babel/runtime": "^7.7.2",
        "@jimp/utils": "^0.12.1",
        "jpeg-js": "^0.4.0"
      }
    },
    "@jimp/plugin-blit": {
      "version": "0.12.1",
      "resolved": "https://registry.npmjs.org/@jimp/plugin-blit/-/plugin-blit-0.12.1.tgz",
      "integrity": "sha512-VRBB6bx6EpQuaH0WX8ytlGNqUQcmuxXBbzL3e+cD0W6MluYibzQy089okvXcyUS72Q+qpSMmUDCVr3pDqLAsSA==",
      "dev": true,
      "requires": {
        "@babel/runtime": "^7.7.2",
        "@jimp/utils": "^0.12.1"
      }
    },
    "@jimp/plugin-blur": {
      "version": "0.12.1",
      "resolved": "https://registry.npmjs.org/@jimp/plugin-blur/-/plugin-blur-0.12.1.tgz",
      "integrity": "sha512-rTFY0yrwVJFNgNsAlYGn2GYCRLVEcPQ6cqAuhNylXuR/7oH3Acul+ZWafeKtvN8D8uMlth/6VP74gruXvwffZw==",
      "dev": true,
      "requires": {
        "@babel/runtime": "^7.7.2",
        "@jimp/utils": "^0.12.1"
      }
    },
    "@jimp/plugin-circle": {
      "version": "0.12.1",
      "resolved": "https://registry.npmjs.org/@jimp/plugin-circle/-/plugin-circle-0.12.1.tgz",
      "integrity": "sha512-+/OiBDjby7RBbQoDX8ZsqJRr1PaGPdTaaKUVGAsrE7KCNO9ODYNFAizB9lpidXkGgJ4Wx5R4mJy21i22oY/a4Q==",
      "dev": true,
      "requires": {
        "@babel/runtime": "^7.7.2",
        "@jimp/utils": "^0.12.1"
      }
    },
    "@jimp/plugin-color": {
      "version": "0.12.1",
      "resolved": "https://registry.npmjs.org/@jimp/plugin-color/-/plugin-color-0.12.1.tgz",
      "integrity": "sha512-xlnK/msWN4uZ+Bu7+UrCs9oMzTSA9QE0jWFnF3h0aBsD8t1LGxozkckHe8nHtC/y/sxIa8BGKSfkiaW+r6FbnA==",
      "dev": true,
      "requires": {
        "@babel/runtime": "^7.7.2",
        "@jimp/utils": "^0.12.1",
        "tinycolor2": "^1.4.1"
      }
    },
    "@jimp/plugin-contain": {
      "version": "0.12.1",
      "resolved": "https://registry.npmjs.org/@jimp/plugin-contain/-/plugin-contain-0.12.1.tgz",
      "integrity": "sha512-WZ/D6G0jhnBh2bkBh610PEh/caGhAUIAxYLsQsfSSlOxPsDhbj3S6hMbFKRgnDvf0hsd5zTIA0j1B0UG4kh18A==",
      "dev": true,
      "requires": {
        "@babel/runtime": "^7.7.2",
        "@jimp/utils": "^0.12.1"
      }
    },
    "@jimp/plugin-cover": {
      "version": "0.12.1",
      "resolved": "https://registry.npmjs.org/@jimp/plugin-cover/-/plugin-cover-0.12.1.tgz",
      "integrity": "sha512-ddWwTQO40GcabJ2UwUYCeuNxnjV4rBTiLprnjGMqAJCzdz3q3Sp20FkRf+H+E22k2v2LHss8dIOFOF4i6ycr9Q==",
      "dev": true,
      "requires": {
        "@babel/runtime": "^7.7.2",
        "@jimp/utils": "^0.12.1"
      }
    },
    "@jimp/plugin-crop": {
      "version": "0.12.1",
      "resolved": "https://registry.npmjs.org/@jimp/plugin-crop/-/plugin-crop-0.12.1.tgz",
      "integrity": "sha512-CKjVkrNO8FDZKYVpMireQW4SgKBSOdF+Ip/1sWssHHe77+jGEKqOjhYju+VhT3dZJ3+75rJNI9II7Kethp+rTw==",
      "dev": true,
      "requires": {
        "@babel/runtime": "^7.7.2",
        "@jimp/utils": "^0.12.1"
      }
    },
    "@jimp/plugin-displace": {
      "version": "0.12.1",
      "resolved": "https://registry.npmjs.org/@jimp/plugin-displace/-/plugin-displace-0.12.1.tgz",
      "integrity": "sha512-MQAw2iuf1/bVJ6P95WWTLA+WBjvIZ7TeGBerkvBaTK8oWdj+NSLNRIYOIoyPbZ7DTL8f1SN4Vd6KD6BZaoWrwg==",
      "dev": true,
      "requires": {
        "@babel/runtime": "^7.7.2",
        "@jimp/utils": "^0.12.1"
      }
    },
    "@jimp/plugin-dither": {
      "version": "0.12.1",
      "resolved": "https://registry.npmjs.org/@jimp/plugin-dither/-/plugin-dither-0.12.1.tgz",
      "integrity": "sha512-mCrBHdx2ViTLJDLcrobqGLlGhZF/Mq41bURWlElQ2ArvrQ3/xR52We9DNDfC08oQ2JVb6q3v1GnCCdn0KNojGQ==",
      "dev": true,
      "requires": {
        "@babel/runtime": "^7.7.2",
        "@jimp/utils": "^0.12.1"
      }
    },
    "@jimp/plugin-fisheye": {
      "version": "0.12.1",
      "resolved": "https://registry.npmjs.org/@jimp/plugin-fisheye/-/plugin-fisheye-0.12.1.tgz",
      "integrity": "sha512-CHvYSXtHNplzkkYzB44tENPDmvfUHiYCnAETTY+Hx58kZ0w8ERZ+OiLhUmiBcvH/QHm/US1iiNjgGUAfeQX6dg==",
      "dev": true,
      "requires": {
        "@babel/runtime": "^7.7.2",
        "@jimp/utils": "^0.12.1"
      }
    },
    "@jimp/plugin-flip": {
      "version": "0.12.1",
      "resolved": "https://registry.npmjs.org/@jimp/plugin-flip/-/plugin-flip-0.12.1.tgz",
      "integrity": "sha512-xi+Yayrnln8A/C9E3yQBExjxwBSeCkt/ZQg1CxLgszVyX/3Zo8+nkV8MJYpkTpj8LCZGTOKlsE05mxu/a3lbJQ==",
      "dev": true,
      "requires": {
        "@babel/runtime": "^7.7.2",
        "@jimp/utils": "^0.12.1"
      }
    },
    "@jimp/plugin-gaussian": {
      "version": "0.12.1",
      "resolved": "https://registry.npmjs.org/@jimp/plugin-gaussian/-/plugin-gaussian-0.12.1.tgz",
      "integrity": "sha512-7O6eKlhL37hsLfV6WAX1Cvce7vOqSwL1oWbBveC1agutDlrtvcTh1s2mQ4Pde654hCJu55mq1Ur10+ote5j3qw==",
      "dev": true,
      "requires": {
        "@babel/runtime": "^7.7.2",
        "@jimp/utils": "^0.12.1"
      }
    },
    "@jimp/plugin-invert": {
      "version": "0.12.1",
      "resolved": "https://registry.npmjs.org/@jimp/plugin-invert/-/plugin-invert-0.12.1.tgz",
      "integrity": "sha512-JTAs7A1Erbxwl+7ph7tgcb2PZ4WzB+3nb2WbfiWU8iCrKj17mMDSc5soaCCycn8wfwqvgB1vhRfGpseOLWxsuQ==",
      "dev": true,
      "requires": {
        "@babel/runtime": "^7.7.2",
        "@jimp/utils": "^0.12.1"
      }
    },
    "@jimp/plugin-mask": {
      "version": "0.12.1",
      "resolved": "https://registry.npmjs.org/@jimp/plugin-mask/-/plugin-mask-0.12.1.tgz",
      "integrity": "sha512-bnDdY0RO/x5Mhqoy+056SN1wEj++sD4muAKqLD2CIT8Zq5M/0TA4hkdf/+lwFy3H2C0YTK39PSE9xyb4jPX3kA==",
      "dev": true,
      "requires": {
        "@babel/runtime": "^7.7.2",
        "@jimp/utils": "^0.12.1"
      }
    },
    "@jimp/plugin-normalize": {
      "version": "0.12.1",
      "resolved": "https://registry.npmjs.org/@jimp/plugin-normalize/-/plugin-normalize-0.12.1.tgz",
      "integrity": "sha512-4kSaI4JLM/PNjHwbnAHgyh51V5IlPfPxYvsZyZ1US32pebWtocxSMaSuOaJUg7OGSkwSDBv81UR2h5D+Dz1b5A==",
      "dev": true,
      "requires": {
        "@babel/runtime": "^7.7.2",
        "@jimp/utils": "^0.12.1"
      }
    },
    "@jimp/plugin-print": {
      "version": "0.12.1",
      "resolved": "https://registry.npmjs.org/@jimp/plugin-print/-/plugin-print-0.12.1.tgz",
      "integrity": "sha512-T0lNS3qU9SwCHOEz7AGrdp50+gqiWGZibOL3350/X/dqoFs1EvGDjKVeWncsGCyLlpfd7M/AibHZgu8Fx2bWng==",
      "dev": true,
      "requires": {
        "@babel/runtime": "^7.7.2",
        "@jimp/utils": "^0.12.1",
        "load-bmfont": "^1.4.0"
      }
    },
    "@jimp/plugin-resize": {
      "version": "0.12.1",
      "resolved": "https://registry.npmjs.org/@jimp/plugin-resize/-/plugin-resize-0.12.1.tgz",
      "integrity": "sha512-sbNn4tdBGcgGlPt9XFxCuDl4ZOoxa8/Re8nAikyxYhRss2Dqz91ARbBQxOf1vlUGeicQMsjEuWbPQAogTSJRug==",
      "dev": true,
      "requires": {
        "@babel/runtime": "^7.7.2",
        "@jimp/utils": "^0.12.1"
      }
    },
    "@jimp/plugin-rotate": {
      "version": "0.12.1",
      "resolved": "https://registry.npmjs.org/@jimp/plugin-rotate/-/plugin-rotate-0.12.1.tgz",
      "integrity": "sha512-RYkLzwG2ervG6hHy8iepbIVeWdT1kz4Qz044eloqo6c66MK0KAqp228YI8+CAKm0joQnVDC/A0FgRIj/K8uyAw==",
      "dev": true,
      "requires": {
        "@babel/runtime": "^7.7.2",
        "@jimp/utils": "^0.12.1"
      }
    },
    "@jimp/plugin-scale": {
      "version": "0.12.1",
      "resolved": "https://registry.npmjs.org/@jimp/plugin-scale/-/plugin-scale-0.12.1.tgz",
      "integrity": "sha512-zjNVI1fUj+ywfG78T1ZU33g9a5sk4rhEQkkhtny8koAscnVsDN2YaZEKoFli54kqaWh5kSS5DDL7a/9pEfXnFQ==",
      "dev": true,
      "requires": {
        "@babel/runtime": "^7.7.2",
        "@jimp/utils": "^0.12.1"
      }
    },
    "@jimp/plugin-shadow": {
      "version": "0.12.1",
      "resolved": "https://registry.npmjs.org/@jimp/plugin-shadow/-/plugin-shadow-0.12.1.tgz",
      "integrity": "sha512-Z82IwvunXWQ2jXegd3W3TYUXpfJcEvNbHodr7Z+oVnwhM1OoQ5QC6RSRQwsj2qXIhbGffQjH8eguHgEgAV+u5w==",
      "dev": true,
      "requires": {
        "@babel/runtime": "^7.7.2",
        "@jimp/utils": "^0.12.1"
      }
    },
    "@jimp/plugin-threshold": {
      "version": "0.12.1",
      "resolved": "https://registry.npmjs.org/@jimp/plugin-threshold/-/plugin-threshold-0.12.1.tgz",
      "integrity": "sha512-PFezt5fSk0q+xKvdpuv0eLggy2I7EgYotrK8TRZOT0jimuYFXPF0Z514c6szumoW5kEsRz04L1HkPT1FqI97Yg==",
      "dev": true,
      "requires": {
        "@babel/runtime": "^7.7.2",
        "@jimp/utils": "^0.12.1"
      }
    },
    "@jimp/plugins": {
      "version": "0.12.1",
      "resolved": "https://registry.npmjs.org/@jimp/plugins/-/plugins-0.12.1.tgz",
      "integrity": "sha512-7+Yp29T6BbYo+Oqnc+m7A5AH+O+Oy5xnxvxlfmsp48+SuwEZ4akJp13Gu2PSmRlylENzR7MlWOxzhas5ERNlIg==",
      "dev": true,
      "requires": {
        "@babel/runtime": "^7.7.2",
        "@jimp/plugin-blit": "^0.12.1",
        "@jimp/plugin-blur": "^0.12.1",
        "@jimp/plugin-circle": "^0.12.1",
        "@jimp/plugin-color": "^0.12.1",
        "@jimp/plugin-contain": "^0.12.1",
        "@jimp/plugin-cover": "^0.12.1",
        "@jimp/plugin-crop": "^0.12.1",
        "@jimp/plugin-displace": "^0.12.1",
        "@jimp/plugin-dither": "^0.12.1",
        "@jimp/plugin-fisheye": "^0.12.1",
        "@jimp/plugin-flip": "^0.12.1",
        "@jimp/plugin-gaussian": "^0.12.1",
        "@jimp/plugin-invert": "^0.12.1",
        "@jimp/plugin-mask": "^0.12.1",
        "@jimp/plugin-normalize": "^0.12.1",
        "@jimp/plugin-print": "^0.12.1",
        "@jimp/plugin-resize": "^0.12.1",
        "@jimp/plugin-rotate": "^0.12.1",
        "@jimp/plugin-scale": "^0.12.1",
        "@jimp/plugin-shadow": "^0.12.1",
        "@jimp/plugin-threshold": "^0.12.1",
        "timm": "^1.6.1"
      }
    },
    "@jimp/png": {
      "version": "0.12.1",
      "resolved": "https://registry.npmjs.org/@jimp/png/-/png-0.12.1.tgz",
      "integrity": "sha512-tOUSJMJzcMAN82F9/Q20IToquIVWzvOe/7NIpVQJn6m+Lq6TtVmd7d8gdcna9AEFm2FIza5lhq2Kta6Xj0KXhQ==",
      "dev": true,
      "requires": {
        "@babel/runtime": "^7.7.2",
        "@jimp/utils": "^0.12.1",
        "pngjs": "^3.3.3"
      }
    },
    "@jimp/tiff": {
      "version": "0.12.1",
      "resolved": "https://registry.npmjs.org/@jimp/tiff/-/tiff-0.12.1.tgz",
      "integrity": "sha512-bzWDgv3202TKhaBGzV9OFF0PVQWEb4194h9kv5js348SSnbCusz/tzTE1EwKrnbDZThZPgTB1ryKs7D+Q9Mhmg==",
      "dev": true,
      "requires": {
        "@babel/runtime": "^7.7.2",
        "utif": "^2.0.1"
      }
    },
    "@jimp/types": {
      "version": "0.12.1",
      "resolved": "https://registry.npmjs.org/@jimp/types/-/types-0.12.1.tgz",
      "integrity": "sha512-hg5OKXpWWeKGuDrfibrjWWhr7hqb7f552wqnPWSLQpVrdWgjH+hpOv6cOzdo9bsU78qGTelZJPxr0ERRoc+MhQ==",
      "dev": true,
      "requires": {
        "@babel/runtime": "^7.7.2",
        "@jimp/bmp": "^0.12.1",
        "@jimp/gif": "^0.12.1",
        "@jimp/jpeg": "^0.12.1",
        "@jimp/png": "^0.12.1",
        "@jimp/tiff": "^0.12.1",
        "timm": "^1.6.1"
      }
    },
    "@jimp/utils": {
      "version": "0.12.1",
      "resolved": "https://registry.npmjs.org/@jimp/utils/-/utils-0.12.1.tgz",
      "integrity": "sha512-EjPkDQOzV/oZfbolEUgFT6SE++PtCccVBvjuACkttyCfl0P2jnpR49SwstyVLc2u8AwBAZEHHAw9lPYaMjtbXQ==",
      "dev": true,
      "requires": {
        "@babel/runtime": "^7.7.2",
        "regenerator-runtime": "^0.13.3"
      }
    },
    "@types/node": {
      "version": "15.12.0",
      "resolved": "https://registry.npmjs.org/@types/node/-/node-15.12.0.tgz",
      "integrity": "sha512-+aHJvoCsVhO2ZCuT4o5JtcPrCPyDE3+1nvbDprYes+pPkEsbjH7AGUCNtjMOXS0fqH14t+B7yLzaqSz92FPWyw==",
      "dev": true,
      "optional": true
    },
    "@types/yauzl": {
      "version": "2.9.1",
      "resolved": "https://registry.npmjs.org/@types/yauzl/-/yauzl-2.9.1.tgz",
      "integrity": "sha512-A1b8SU4D10uoPjwb0lnHmmu8wZhR9d+9o2PKBQT2jU5YPTKsxac6M2qGAdY7VcL+dHHhARVUDmeg0rOrcd9EjA==",
      "dev": true,
      "optional": true,
      "requires": {
        "@types/node": "*"
      }
    },
    "agent-base": {
      "version": "6.0.2",
      "resolved": "https://registry.npmjs.org/agent-base/-/agent-base-6.0.2.tgz",
      "integrity": "sha512-RZNwNclF7+MS/8bDg70amg32dyeZGZxiDuQmZxKLAlQjr3jGyLx+4Kkk58UO7D2QdgFIQCovuSuZESne6RG6XQ==",
      "dev": true,
      "requires": {
        "debug": "4"
      }
    },
    "ansi-styles": {
      "version": "3.2.1",
      "resolved": "https://registry.npmjs.org/ansi-styles/-/ansi-styles-3.2.1.tgz",
      "integrity": "sha512-VT0ZI6kZRdTh8YyJw3SMbYm/u+NqfsAxEpWO0Pf9sq8/e94WxxOpPKx9FR1FlyCtOVDNOQ+8ntlqFxiRc+r5qA==",
      "dev": true,
      "requires": {
        "color-convert": "^1.9.0"
      }
    },
    "any-base": {
      "version": "1.1.0",
      "resolved": "https://registry.npmjs.org/any-base/-/any-base-1.1.0.tgz",
      "integrity": "sha512-uMgjozySS8adZZYePpaWs8cxB9/kdzmpX6SgJZ+wbz1K5eYk5QMYDVJaZKhxyIHUdnnJkfR7SVgStgH7LkGUyg==",
      "dev": true
    },
    "balanced-match": {
      "version": "1.0.0",
      "resolved": "https://registry.npmjs.org/balanced-match/-/balanced-match-1.0.0.tgz",
      "integrity": "sha1-ibTRmasr7kneFk6gK4nORi1xt2c=",
      "dev": true
    },
    "base64-js": {
      "version": "1.3.1",
      "resolved": "https://registry.npmjs.org/base64-js/-/base64-js-1.3.1.tgz",
      "integrity": "sha512-mLQ4i2QO1ytvGWFWmcngKO//JXAQueZvwEKtjgQFM4jIK0kU+ytMfplL8j+n5mspOfjHwoAg+9yhb7BwAHm36g==",
      "dev": true
    },
    "bl": {
      "version": "4.1.0",
      "resolved": "https://registry.npmjs.org/bl/-/bl-4.1.0.tgz",
      "integrity": "sha512-1W07cM9gS6DcLperZfFSj+bWLtaPGSOHWhPiGzXmvVJbRLdG82sH/Kn8EtW1VqWVA54AKf2h5k5BbnIbwF3h6w==",
      "dev": true,
      "requires": {
        "buffer": "^5.5.0",
        "inherits": "^2.0.4",
        "readable-stream": "^3.4.0"
      }
    },
    "bmp-js": {
      "version": "0.1.0",
      "resolved": "https://registry.npmjs.org/bmp-js/-/bmp-js-0.1.0.tgz",
      "integrity": "sha1-4Fpj95amwf8l9Hcex62twUjAcjM=",
      "dev": true
    },
    "brace-expansion": {
      "version": "1.1.11",
      "resolved": "https://registry.npmjs.org/brace-expansion/-/brace-expansion-1.1.11.tgz",
      "integrity": "sha512-iCuPHDFgrHX7H2vEI/5xpz07zSHB00TpugqhmYtVmMO6518mCuRMoOYFldEBl0g187ufozdaHgWKcYFb61qGiA==",
      "dev": true,
      "requires": {
        "balanced-match": "^1.0.0",
        "concat-map": "0.0.1"
      }
    },
    "buffer": {
      "version": "5.7.0",
      "resolved": "https://registry.npmjs.org/buffer/-/buffer-5.7.0.tgz",
      "integrity": "sha512-cd+5r1VLBwUqTrmnzW+D7ABkJUM6mr7uv1dv+6jRw4Rcl7tFIFHDqHPL98LhpGFn3dbAt3gtLxtrWp4m1kFrqg==",
      "dev": true,
      "requires": {
        "base64-js": "^1.3.1",
        "ieee754": "^1.1.13"
      }
    },
    "buffer-crc32": {
      "version": "0.2.13",
      "resolved": "https://registry.npmjs.org/buffer-crc32/-/buffer-crc32-0.2.13.tgz",
      "integrity": "sha1-DTM+PwDqxQqhRUq9MO+MKl2ackI=",
      "dev": true
    },
    "buffer-equal": {
      "version": "0.0.1",
      "resolved": "https://registry.npmjs.org/buffer-equal/-/buffer-equal-0.0.1.tgz",
      "integrity": "sha1-kbx0sR6kBbyRa8aqkI+q+ltKrEs=",
      "dev": true
    },
    "bytes": {
      "version": "3.0.0",
      "resolved": "https://registry.npmjs.org/bytes/-/bytes-3.0.0.tgz",
      "integrity": "sha1-0ygVQE1olpn4Wk6k+odV3ROpYEg=",
      "dev": true
    },
    "chalk": {
      "version": "2.4.2",
      "resolved": "https://registry.npmjs.org/chalk/-/chalk-2.4.2.tgz",
      "integrity": "sha512-Mti+f9lpJNcwF4tWV8/OrTTtF1gZi+f8FqlyAdouralcFWFQWF2+NgCHShjkCb+IFBLq9buZwE1xckQU4peSuQ==",
      "dev": true,
      "requires": {
        "ansi-styles": "^3.2.1",
        "escape-string-regexp": "^1.0.5",
        "supports-color": "^5.3.0"
      }
    },
    "chownr": {
      "version": "1.1.4",
      "resolved": "https://registry.npmjs.org/chownr/-/chownr-1.1.4.tgz",
      "integrity": "sha512-jJ0bqzaylmJtVnNgzTeSOs8DPavpbYgEr/b0YL8/2GO3xJEhInFmhKMUnEJQjZumK7KXGFhUy89PrsJWlakBVg==",
      "dev": true
    },
    "color-convert": {
      "version": "1.9.3",
      "resolved": "https://registry.npmjs.org/color-convert/-/color-convert-1.9.3.tgz",
      "integrity": "sha512-QfAUtd+vFdAtFQcC8CCyYt1fYWxSqAiK2cSD6zDB8N3cpsEBAvRxp9zOGg6G/SHHJYAT88/az/IuDGALsNVbGg==",
      "dev": true,
      "requires": {
        "color-name": "1.1.3"
      }
    },
    "color-name": {
      "version": "1.1.3",
      "resolved": "https://registry.npmjs.org/color-name/-/color-name-1.1.3.tgz",
      "integrity": "sha1-p9BVi9icQveV3UIyj3QIMcpTvCU=",
      "dev": true
    },
    "commander": {
      "version": "6.0.0",
      "resolved": "https://registry.npmjs.org/commander/-/commander-6.0.0.tgz",
      "integrity": "sha512-s7EA+hDtTYNhuXkTlhqew4txMZVdszBmKWSPEMxGr8ru8JXR7bLUFIAtPhcSuFdJQ0ILMxnJi8GkQL0yvDy/YA==",
      "dev": true
    },
    "concat-map": {
      "version": "0.0.1",
      "resolved": "https://registry.npmjs.org/concat-map/-/concat-map-0.0.1.tgz",
      "integrity": "sha1-2Klr13/Wjfd5OnMDajug1UBdR3s=",
      "dev": true
    },
    "content-disposition": {
      "version": "0.5.2",
      "resolved": "https://registry.npmjs.org/content-disposition/-/content-disposition-0.5.2.tgz",
      "integrity": "sha1-DPaLud318r55YcOoUXjLhdunjLQ=",
      "dev": true
    },
    "debug": {
      "version": "4.3.1",
      "resolved": "https://registry.npmjs.org/debug/-/debug-4.3.1.tgz",
      "integrity": "sha512-doEwdvm4PCeK4K3RQN2ZC2BYUBaxwLARCqZmMjtF8a51J2Rb0xpVloFRnCODwqjpwnAoao4pelN8l3RJdv3gRQ==",
      "dev": true,
      "requires": {
        "ms": "2.1.2"
      }
    },
    "devtools-protocol": {
      "version": "0.0.883894",
      "resolved": "https://registry.npmjs.org/devtools-protocol/-/devtools-protocol-0.0.883894.tgz",
      "integrity": "sha512-33idhm54QJzf3Q7QofMgCvIVSd2o9H3kQPWaKT/fhoZh+digc+WSiMhbkeG3iN79WY4Hwr9G05NpbhEVrsOYAg==",
      "dev": true
    },
    "dom-walk": {
      "version": "0.1.2",
      "resolved": "https://registry.npmjs.org/dom-walk/-/dom-walk-0.1.2.tgz",
      "integrity": "sha512-6QvTW9mrGeIegrFXdtQi9pk7O/nSK6lSdXW2eqUspN5LWD7UTji2Fqw5V2YLjBpHEoU9Xl/eUWNpDeZvoyOv2w==",
      "dev": true
    },
    "end-of-stream": {
      "version": "1.4.4",
      "resolved": "https://registry.npmjs.org/end-of-stream/-/end-of-stream-1.4.4.tgz",
      "integrity": "sha512-+uw1inIHVPQoaVuHzRyXd21icM+cnt4CzD5rW+NC1wjOUSTOs+Te7FOv7AhN7vS9x/oIyhLP5PR1H+phQAHu5Q==",
      "dev": true,
      "requires": {
        "once": "^1.4.0"
      }
    },
    "escape-string-regexp": {
      "version": "1.0.5",
      "resolved": "https://registry.npmjs.org/escape-string-regexp/-/escape-string-regexp-1.0.5.tgz",
      "integrity": "sha1-G2HAViGQqN/2rjuyzwIAyhMLhtQ=",
      "dev": true
    },
    "exif-parser": {
      "version": "0.1.12",
      "resolved": "https://registry.npmjs.org/exif-parser/-/exif-parser-0.1.12.tgz",
      "integrity": "sha1-WKnS1ywCwfbwKg70qRZicrd2CSI=",
      "dev": true
    },
    "extract-zip": {
      "version": "2.0.1",
      "resolved": "https://registry.npmjs.org/extract-zip/-/extract-zip-2.0.1.tgz",
      "integrity": "sha512-GDhU9ntwuKyGXdZBUgTIe+vXnWj0fppUEtMDL0+idd5Sta8TGpHssn/eusA9mrPr9qNDym6SxAYZjNvCn/9RBg==",
      "dev": true,
      "requires": {
        "@types/yauzl": "^2.9.1",
        "debug": "^4.1.1",
        "get-stream": "^5.1.0",
        "yauzl": "^2.10.0"
      }
    },
    "failonlyreporter": {
      "version": "1.0.0",
      "resolved": "https://registry.npmjs.org/failonlyreporter/-/failonlyreporter-1.0.0.tgz",
      "integrity": "sha512-daW559J4F/nWk0AiUPuxpCNCRXNa74yQdZNAVBIJt192VbsfKMNZocCqvRLjFIIp9BeBGu4gUhFJImmb4kSWOQ==",
      "dev": true,
      "requires": {
        "chalk": "^2.4.2"
      }
    },
    "fast-url-parser": {
      "version": "1.1.3",
      "resolved": "https://registry.npmjs.org/fast-url-parser/-/fast-url-parser-1.1.3.tgz",
      "integrity": "sha1-9K8+qfNNiicc9YrSs3WfQx8LMY0=",
      "dev": true,
      "requires": {
        "punycode": "^1.3.2"
      }
    },
    "fd-slicer": {
      "version": "1.1.0",
      "resolved": "https://registry.npmjs.org/fd-slicer/-/fd-slicer-1.1.0.tgz",
      "integrity": "sha1-JcfInLH5B3+IkbvmHY85Dq4lbx4=",
      "dev": true,
      "requires": {
        "pend": "~1.2.0"
      }
    },
    "file-type": {
      "version": "9.0.0",
      "resolved": "https://registry.npmjs.org/file-type/-/file-type-9.0.0.tgz",
      "integrity": "sha512-Qe/5NJrgIOlwijpq3B7BEpzPFcgzggOTagZmkXQY4LA6bsXKTUstK7Wp12lEJ/mLKTpvIZxmIuRcLYWT6ov9lw==",
      "dev": true
    },
    "find-up": {
      "version": "4.1.0",
      "resolved": "https://registry.npmjs.org/find-up/-/find-up-4.1.0.tgz",
      "integrity": "sha512-PpOwAdQ/YlXQ2vj8a3h8IipDuYRi3wceVQQGYWxNINccq40Anw7BlsEXCMbt1Zt+OLA6Fq9suIpIWD0OsnISlw==",
      "dev": true,
      "requires": {
        "locate-path": "^5.0.0",
        "path-exists": "^4.0.0"
      }
    },
    "fs-constants": {
      "version": "1.0.0",
      "resolved": "https://registry.npmjs.org/fs-constants/-/fs-constants-1.0.0.tgz",
      "integrity": "sha512-y6OAwoSIf7FyjMIv94u+b5rdheZEjzR63GTyZJm5qh4Bi+2YgwLCcI/fPFZkL5PSixOt6ZNKm+w+Hfp/Bciwow==",
      "dev": true
    },
    "fs.realpath": {
      "version": "1.0.0",
      "resolved": "https://registry.npmjs.org/fs.realpath/-/fs.realpath-1.0.0.tgz",
      "integrity": "sha1-FQStJSMVjKpA20onh8sBQRmU6k8=",
      "dev": true
    },
    "get-stream": {
      "version": "5.2.0",
      "resolved": "https://registry.npmjs.org/get-stream/-/get-stream-5.2.0.tgz",
      "integrity": "sha512-nBF+F1rAZVCu/p7rjzgA+Yb4lfYXrpl7a6VmJrU8wF9I1CKvP/QwPNZHnOlwbTkY6dvtFIzFMSyQXbLoTQPRpA==",
      "dev": true,
      "requires": {
        "pump": "^3.0.0"
      }
    },
    "glob": {
      "version": "7.1.6",
      "resolved": "https://registry.npmjs.org/glob/-/glob-7.1.6.tgz",
      "integrity": "sha512-LwaxwyZ72Lk7vZINtNNrywX0ZuLyStrdDtabefZKAY5ZGJhVtgdznluResxNmPitE0SAO+O26sWTHeKSI2wMBA==",
      "dev": true,
      "requires": {
        "fs.realpath": "^1.0.0",
        "inflight": "^1.0.4",
        "inherits": "2",
        "minimatch": "^3.0.4",
        "once": "^1.3.0",
        "path-is-absolute": "^1.0.0"
      }
    },
    "global": {
      "version": "4.3.2",
      "resolved": "https://registry.npmjs.org/global/-/global-4.3.2.tgz",
      "integrity": "sha1-52mJJopsdMOJCLEwWxD8DjlOnQ8=",
      "dev": true,
      "requires": {
        "min-document": "^2.19.0",
        "process": "~0.5.1"
      }
    },
    "globalyzer": {
      "version": "0.1.4",
      "resolved": "https://registry.npmjs.org/globalyzer/-/globalyzer-0.1.4.tgz",
      "integrity": "sha512-LeguVWaxgHN0MNbWC6YljNMzHkrCny9fzjmEUdnF1kQ7wATFD1RHFRqA1qxaX2tgxGENlcxjOflopBwj3YZiXA==",
      "dev": true
    },
    "globrex": {
      "version": "0.1.2",
      "resolved": "https://registry.npmjs.org/globrex/-/globrex-0.1.2.tgz",
      "integrity": "sha512-uHJgbwAMwNFf5mLst7IWLNg14x1CkeqglJb/K3doi4dw6q2IvAAmM/Y81kevy83wP+Sst+nutFTYOGg3d1lsxg==",
      "dev": true
    },
    "has-flag": {
      "version": "3.0.0",
      "resolved": "https://registry.npmjs.org/has-flag/-/has-flag-3.0.0.tgz",
      "integrity": "sha1-tdRU3CGZriJWmfNGfloH87lVuv0=",
      "dev": true
    },
    "https-proxy-agent": {
      "version": "5.0.0",
      "resolved": "https://registry.npmjs.org/https-proxy-agent/-/https-proxy-agent-5.0.0.tgz",
      "integrity": "sha512-EkYm5BcKUGiduxzSt3Eppko+PiNWNEpa4ySk9vTC6wDsQJW9rHSa+UhGNJoRYp7bz6Ht1eaRIa6QaJqO5rCFbA==",
      "dev": true,
      "requires": {
        "agent-base": "6",
        "debug": "4"
      }
    },
    "ieee754": {
      "version": "1.2.1",
      "resolved": "https://registry.npmjs.org/ieee754/-/ieee754-1.2.1.tgz",
      "integrity": "sha512-dcyqhDvX1C46lXZcVqCpK+FtMRQVdIMN6/Df5js2zouUsqG7I6sFxitIC+7KYK29KdXOLHdu9zL4sFnoVQnqaA==",
      "dev": true
    },
    "inflight": {
      "version": "1.0.6",
      "resolved": "https://registry.npmjs.org/inflight/-/inflight-1.0.6.tgz",
      "integrity": "sha1-Sb1jMdfQLQwJvJEKEHW6gWW1bfk=",
      "dev": true,
      "requires": {
        "once": "^1.3.0",
        "wrappy": "1"
      }
    },
    "inherits": {
      "version": "2.0.4",
      "resolved": "https://registry.npmjs.org/inherits/-/inherits-2.0.4.tgz",
      "integrity": "sha512-k/vGaX4/Yla3WzyMCvTQOXYeIHvqOKtnqBduzTHpzpQZzAskKMhZ2K+EnBiSM9zGSoIFeMpXKxa4dYeZIQqewQ==",
      "dev": true
    },
    "is-function": {
      "version": "1.0.2",
      "resolved": "https://registry.npmjs.org/is-function/-/is-function-1.0.2.tgz",
      "integrity": "sha512-lw7DUp0aWXYg+CBCN+JKkcE0Q2RayZnSvnZBlwgxHBQhqt5pZNVy4Ri7H9GmmXkdu7LUthszM+Tor1u/2iBcpQ==",
      "dev": true
    },
    "jimp": {
      "version": "0.12.1",
      "resolved": "https://registry.npmjs.org/jimp/-/jimp-0.12.1.tgz",
      "integrity": "sha512-0soPJif+yjmzmOF+4cF2hyhxUWWpXpQntsm2joJXFFoRcQiPzsG4dbLKYqYPT3Fc6PjZ8MaLtCkDqqckVSfmRw==",
      "dev": true,
      "requires": {
        "@babel/runtime": "^7.7.2",
        "@jimp/custom": "^0.12.1",
        "@jimp/plugins": "^0.12.1",
        "@jimp/types": "^0.12.1",
        "regenerator-runtime": "^0.13.3"
      }
    },
    "jpeg-js": {
      "version": "0.4.2",
      "resolved": "https://registry.npmjs.org/jpeg-js/-/jpeg-js-0.4.2.tgz",
      "integrity": "sha512-+az2gi/hvex7eLTMTlbRLOhH6P6WFdk2ITI8HJsaH2VqYO0I594zXSYEP+tf4FW+8Cy68ScDXoAsQdyQanv3sw==",
      "dev": true
    },
    "js-reporters": {
      "version": "1.2.3",
      "resolved": "https://registry.npmjs.org/js-reporters/-/js-reporters-1.2.3.tgz",
      "integrity": "sha512-2YzWkHbbRu6LueEs5ZP3P1LqbECvAeUJYrjw3H4y1ofW06hqCS0AbzBtLwbr+Hke51bt9CUepJ/Fj1hlCRIF6A==",
      "dev": true
    },
    "load-bmfont": {
      "version": "1.4.1",
      "resolved": "https://registry.npmjs.org/load-bmfont/-/load-bmfont-1.4.1.tgz",
      "integrity": "sha512-8UyQoYmdRDy81Brz6aLAUhfZLwr5zV0L3taTQ4hju7m6biuwiWiJXjPhBJxbUQJA8PrkvJ/7Enqmwk2sM14soA==",
      "dev": true,
      "requires": {
        "buffer-equal": "0.0.1",
        "mime": "^1.3.4",
        "parse-bmfont-ascii": "^1.0.3",
        "parse-bmfont-binary": "^1.0.5",
        "parse-bmfont-xml": "^1.1.4",
        "phin": "^2.9.1",
        "xhr": "^2.0.1",
        "xtend": "^4.0.0"
      }
    },
    "locate-path": {
      "version": "5.0.0",
      "resolved": "https://registry.npmjs.org/locate-path/-/locate-path-5.0.0.tgz",
      "integrity": "sha512-t7hw9pI+WvuwNJXwk5zVHpyhIqzg2qTlklJOf0mVxGSbe3Fp2VieZcduNYjaLDoy6p9uGpQEGWG87WpMKlNq8g==",
      "dev": true,
      "requires": {
        "p-locate": "^4.1.0"
      }
    },
    "mime": {
      "version": "1.6.0",
      "resolved": "https://registry.npmjs.org/mime/-/mime-1.6.0.tgz",
      "integrity": "sha512-x0Vn8spI+wuJ1O6S7gnbaQg8Pxh4NNHb7KSINmEWKiPE4RKOplvijn+NkmYmmRgP68mc70j2EbeTFRsrswaQeg==",
      "dev": true
    },
    "mime-db": {
      "version": "1.33.0",
      "resolved": "https://registry.npmjs.org/mime-db/-/mime-db-1.33.0.tgz",
      "integrity": "sha512-BHJ/EKruNIqJf/QahvxwQZXKygOQ256myeN/Ew+THcAa5q+PjyTTMMeNQC4DZw5AwfvelsUrA6B67NKMqXDbzQ==",
      "dev": true
    },
    "mime-types": {
      "version": "2.1.18",
      "resolved": "https://registry.npmjs.org/mime-types/-/mime-types-2.1.18.tgz",
      "integrity": "sha512-lc/aahn+t4/SWV/qcmumYjymLsWfN3ELhpmVuUFjgsORruuZPVSwAQryq+HHGvO/SI2KVX26bx+En+zhM8g8hQ==",
      "dev": true,
      "requires": {
        "mime-db": "~1.33.0"
      }
    },
    "min-document": {
      "version": "2.19.0",
      "resolved": "https://registry.npmjs.org/min-document/-/min-document-2.19.0.tgz",
      "integrity": "sha1-e9KC4/WELtKVu3SM3Z8f+iyCRoU=",
      "dev": true,
      "requires": {
        "dom-walk": "^0.1.0"
      }
    },
    "minimatch": {
      "version": "3.0.4",
      "resolved": "https://registry.npmjs.org/minimatch/-/minimatch-3.0.4.tgz",
      "integrity": "sha512-yJHVQEhyqPLUTgt9B83PXu6W3rx4MvvHvSUvToogpwoGDOUQ+yDrR0HRot+yOCdCO7u4hX3pWft6kWBBcqh0UA==",
      "dev": true,
      "requires": {
        "brace-expansion": "^1.1.7"
      }
    },
    "minimist": {
      "version": "1.2.5",
      "resolved": "https://registry.npmjs.org/minimist/-/minimist-1.2.5.tgz",
      "integrity": "sha512-FM9nNUYrRBAELZQT3xeZQ7fmMOBg6nWNmJKTcgsJeaLstP/UODVpGsr5OhXhhXg6f+qtJ8uiZ+PUxkDWcgIXLw==",
      "dev": true
    },
    "mkdirp": {
      "version": "0.5.5",
      "resolved": "https://registry.npmjs.org/mkdirp/-/mkdirp-0.5.5.tgz",
      "integrity": "sha512-NKmAlESf6jMGym1++R0Ra7wvhV+wFW63FaSOFPwRahvea0gMUcGUhVeAg/0BC0wiv9ih5NYPB1Wn1UEI1/L+xQ==",
      "dev": true,
      "requires": {
        "minimist": "^1.2.5"
      }
    },
    "ms": {
      "version": "2.1.2",
      "resolved": "https://registry.npmjs.org/ms/-/ms-2.1.2.tgz",
      "integrity": "sha512-sGkPx+VjMtmA6MX27oA4FBFELFCZZ4S4XqeGOXCv68tT+jb3vk/RyaKWP0PTKyWtmLSM0b+adUTEvbs1PEaH2w==",
      "dev": true
    },
    "node-fetch": {
      "version": "2.6.1",
      "resolved": "https://registry.npmjs.org/node-fetch/-/node-fetch-2.6.1.tgz",
      "integrity": "sha512-V4aYg89jEoVRxRb2fJdAg8FHvI7cEyYdVAh94HH0UIK8oJxUfkjlDQN9RbMx+bEjP7+ggMiFRprSti032Oipxw==",
      "dev": true
    },
    "node-watch": {
      "version": "0.6.4",
      "resolved": "https://registry.npmjs.org/node-watch/-/node-watch-0.6.4.tgz",
      "integrity": "sha512-cI6CHzivIFESe8djiK3Wh90CtWQBxLwMem8x8S+2GSvCvFgoMuOKVlfJtQ/2v3Afg3wOnHl/+tXotEs8z5vOrg==",
      "dev": true
    },
    "omggif": {
      "version": "1.0.10",
      "resolved": "https://registry.npmjs.org/omggif/-/omggif-1.0.10.tgz",
      "integrity": "sha512-LMJTtvgc/nugXj0Vcrrs68Mn2D1r0zf630VNtqtpI1FEO7e+O9FP4gqs9AcnBaSEeoHIPm28u6qgPR0oyEpGSw==",
      "dev": true
    },
    "once": {
      "version": "1.4.0",
      "resolved": "https://registry.npmjs.org/once/-/once-1.4.0.tgz",
      "integrity": "sha1-WDsap3WWHUsROsF9nFC6753Xa9E=",
      "dev": true,
      "requires": {
        "wrappy": "1"
      }
    },
    "p-limit": {
      "version": "2.3.0",
      "resolved": "https://registry.npmjs.org/p-limit/-/p-limit-2.3.0.tgz",
      "integrity": "sha512-//88mFWSJx8lxCzwdAABTJL2MyWB12+eIY7MDL2SqLmAkeKU9qxRvWuSyTjm3FUmpBEMuFfckAIqEaVGUDxb6w==",
      "dev": true,
      "requires": {
        "p-try": "^2.0.0"
      }
    },
    "p-locate": {
      "version": "4.1.0",
      "resolved": "https://registry.npmjs.org/p-locate/-/p-locate-4.1.0.tgz",
      "integrity": "sha512-R79ZZ/0wAxKGu3oYMlz8jy/kbhsNrS7SKZ7PxEHBgJ5+F2mtFW2fK2cOtBh1cHYkQsbzFV7I+EoRKe6Yt0oK7A==",
      "dev": true,
      "requires": {
        "p-limit": "^2.2.0"
      }
    },
    "p-try": {
      "version": "2.2.0",
      "resolved": "https://registry.npmjs.org/p-try/-/p-try-2.2.0.tgz",
      "integrity": "sha512-R4nPAVTAU0B9D35/Gk3uJf/7XYbQcyohSKdvAxIRSNghFl4e71hVoGnBNQz9cWaXxO2I10KTC+3jMdvvoKw6dQ==",
      "dev": true
    },
    "pako": {
      "version": "1.0.11",
      "resolved": "https://registry.npmjs.org/pako/-/pako-1.0.11.tgz",
      "integrity": "sha512-4hLB8Py4zZce5s4yd9XzopqwVv/yGNhV1Bl8NTmCq1763HeK2+EwVTv+leGeL13Dnh2wfbqowVPXCIO0z4taYw==",
      "dev": true
    },
    "parse-bmfont-ascii": {
      "version": "1.0.6",
      "resolved": "https://registry.npmjs.org/parse-bmfont-ascii/-/parse-bmfont-ascii-1.0.6.tgz",
      "integrity": "sha1-Eaw8P/WPfCAgqyJ2kHkQjU36AoU=",
      "dev": true
    },
    "parse-bmfont-binary": {
      "version": "1.0.6",
      "resolved": "https://registry.npmjs.org/parse-bmfont-binary/-/parse-bmfont-binary-1.0.6.tgz",
      "integrity": "sha1-0Di0dtPp3Z2x4RoLDlOiJ5K2kAY=",
      "dev": true
    },
    "parse-bmfont-xml": {
      "version": "1.1.4",
      "resolved": "https://registry.npmjs.org/parse-bmfont-xml/-/parse-bmfont-xml-1.1.4.tgz",
      "integrity": "sha512-bjnliEOmGv3y1aMEfREMBJ9tfL3WR0i0CKPj61DnSLaoxWR3nLrsQrEbCId/8rF4NyRF0cCqisSVXyQYWM+mCQ==",
      "dev": true,
      "requires": {
        "xml-parse-from-string": "^1.0.0",
        "xml2js": "^0.4.5"
      }
    },
    "parse-headers": {
      "version": "2.0.3",
      "resolved": "https://registry.npmjs.org/parse-headers/-/parse-headers-2.0.3.tgz",
      "integrity": "sha512-QhhZ+DCCit2Coi2vmAKbq5RGTRcQUOE2+REgv8vdyu7MnYx2eZztegqtTx99TZ86GTIwqiy3+4nQTWZ2tgmdCA==",
      "dev": true
    },
    "path-exists": {
      "version": "4.0.0",
      "resolved": "https://registry.npmjs.org/path-exists/-/path-exists-4.0.0.tgz",
      "integrity": "sha512-ak9Qy5Q7jYb2Wwcey5Fpvg2KoAc/ZIhLSLOSBmRmygPsGwkVVt0fZa0qrtMz+m6tJTAHfZQ8FnmB4MG4LWy7/w==",
      "dev": true
    },
    "path-is-absolute": {
      "version": "1.0.1",
      "resolved": "https://registry.npmjs.org/path-is-absolute/-/path-is-absolute-1.0.1.tgz",
      "integrity": "sha1-F0uSaHNVNP+8es5r9TpanhtcX18=",
      "dev": true
    },
    "path-is-inside": {
      "version": "1.0.2",
      "resolved": "https://registry.npmjs.org/path-is-inside/-/path-is-inside-1.0.2.tgz",
      "integrity": "sha1-NlQX3t5EQw0cEa9hAn+s8HS9/FM=",
      "dev": true
    },
    "path-to-regexp": {
      "version": "2.2.1",
      "resolved": "https://registry.npmjs.org/path-to-regexp/-/path-to-regexp-2.2.1.tgz",
      "integrity": "sha512-gu9bD6Ta5bwGrrU8muHzVOBFFREpp2iRkVfhBJahwJ6p6Xw20SjT0MxLnwkjOibQmGSYhiUnf2FLe7k+jcFmGQ==",
      "dev": true
    },
    "pend": {
      "version": "1.2.0",
      "resolved": "https://registry.npmjs.org/pend/-/pend-1.2.0.tgz",
      "integrity": "sha1-elfrVQpng/kRUzH89GY9XI4AelA=",
      "dev": true
    },
    "phin": {
      "version": "2.9.3",
      "resolved": "https://registry.npmjs.org/phin/-/phin-2.9.3.tgz",
      "integrity": "sha512-CzFr90qM24ju5f88quFC/6qohjC144rehe5n6DH900lgXmUe86+xCKc10ev56gRKC4/BkHUoG4uSiQgBiIXwDA==",
      "dev": true
    },
    "pixelmatch": {
      "version": "5.2.1",
      "resolved": "https://registry.npmjs.org/pixelmatch/-/pixelmatch-5.2.1.tgz",
      "integrity": "sha512-WjcAdYSnKrrdDdqTcVEY7aB7UhhwjYQKYhHiBXdJef0MOaQeYpUdQ+iVyBLa5YBKS8MPVPPMX7rpOByISLpeEQ==",
      "dev": true,
      "requires": {
        "pngjs": "^4.0.1"
      },
      "dependencies": {
        "pngjs": {
          "version": "4.0.1",
          "resolved": "https://registry.npmjs.org/pngjs/-/pngjs-4.0.1.tgz",
          "integrity": "sha512-rf5+2/ioHeQxR6IxuYNYGFytUyG3lma/WW1nsmjeHlWwtb2aByla6dkVc8pmJ9nplzkTA0q2xx7mMWrOTqT4Gg==",
          "dev": true
        }
      }
    },
    "pkg-dir": {
      "version": "4.2.0",
      "resolved": "https://registry.npmjs.org/pkg-dir/-/pkg-dir-4.2.0.tgz",
      "integrity": "sha512-HRDzbaKjC+AOWVXxAU/x54COGeIv9eb+6CkDSQoNTt4XyWoIJvuPsXizxu/Fr23EiekbtZwmh1IcIG/l/a10GQ==",
      "dev": true,
      "requires": {
        "find-up": "^4.0.0"
      }
    },
    "pngjs": {
      "version": "3.4.0",
      "resolved": "https://registry.npmjs.org/pngjs/-/pngjs-3.4.0.tgz",
      "integrity": "sha512-NCrCHhWmnQklfH4MtJMRjZ2a8c80qXeMlQMv2uVp9ISJMTt562SbGd6n2oq0PaPgKm7Z6pL9E2UlLIhC+SHL3w==",
      "dev": true
    },
    "process": {
      "version": "0.5.2",
      "resolved": "https://registry.npmjs.org/process/-/process-0.5.2.tgz",
      "integrity": "sha1-FjjYqONML0QKkduVq5rrZ3/Bhc8=",
      "dev": true
    },
    "progress": {
      "version": "2.0.1",
      "resolved": "https://registry.npmjs.org/progress/-/progress-2.0.1.tgz",
      "integrity": "sha512-OE+a6vzqazc+K6LxJrX5UPyKFvGnL5CYmq2jFGNIBWHpc4QyE49/YOumcrpQFJpfejmvRtbJzgO1zPmMCqlbBg==",
      "dev": true
    },
    "proxy-from-env": {
      "version": "1.1.0",
      "resolved": "https://registry.npmjs.org/proxy-from-env/-/proxy-from-env-1.1.0.tgz",
      "integrity": "sha512-D+zkORCbA9f1tdWRK0RaCR3GPv50cMxcrz4X8k5LTSUD1Dkw47mKJEZQNunItRTkWwgtaUSo1RVFRIG9ZXiFYg==",
      "dev": true
    },
    "pump": {
      "version": "3.0.0",
      "resolved": "https://registry.npmjs.org/pump/-/pump-3.0.0.tgz",
      "integrity": "sha512-LwZy+p3SFs1Pytd/jYct4wpv49HiYCqd9Rlc5ZVdk0V+8Yzv6jR5Blk3TRmPL1ft69TxP0IMZGJ+WPFU2BFhww==",
      "dev": true,
      "requires": {
        "end-of-stream": "^1.1.0",
        "once": "^1.3.1"
      }
    },
    "punycode": {
      "version": "1.4.1",
      "resolved": "https://registry.npmjs.org/punycode/-/punycode-1.4.1.tgz",
      "integrity": "sha1-wNWmOycYgArY4esPpSachN1BhF4=",
      "dev": true
    },
    "puppeteer": {
      "version": "10.0.0",
      "resolved": "https://registry.npmjs.org/puppeteer/-/puppeteer-10.0.0.tgz",
      "integrity": "sha512-AxHvCb9IWmmP3gMW+epxdj92Gglii+6Z4sb+W+zc2hTTu10HF0yg6hGXot5O74uYkVqG3lfDRLfnRpi6WOwi5A==",
      "dev": true,
      "requires": {
        "debug": "4.3.1",
        "devtools-protocol": "0.0.883894",
        "extract-zip": "2.0.1",
        "https-proxy-agent": "5.0.0",
        "node-fetch": "2.6.1",
        "pkg-dir": "4.2.0",
        "progress": "2.0.1",
        "proxy-from-env": "1.1.0",
        "rimraf": "3.0.2",
        "tar-fs": "2.0.0",
        "unbzip2-stream": "1.3.3",
        "ws": "7.4.6"
      }
    },
    "qunit": {
      "version": "2.11.3",
      "resolved": "https://registry.npmjs.org/qunit/-/qunit-2.11.3.tgz",
      "integrity": "sha512-38gyZblz6kjV4G+6cn18Vvsh3ESnCXH9YXtfMJQGpKXWzLzUj8W/8iUewP+TsLwv95GQUXtMf2nl8h1iKsybFA==",
      "dev": true,
      "requires": {
        "commander": "6.0.0",
        "js-reporters": "1.2.3",
        "node-watch": "0.6.4",
        "tiny-glob": "0.2.6"
      }
    },
    "range-parser": {
      "version": "1.2.0",
      "resolved": "https://registry.npmjs.org/range-parser/-/range-parser-1.2.0.tgz",
      "integrity": "sha1-9JvmtIeJTdxA3MlKMi9hEJLgDV4=",
      "dev": true
    },
    "readable-stream": {
      "version": "3.6.0",
      "resolved": "https://registry.npmjs.org/readable-stream/-/readable-stream-3.6.0.tgz",
      "integrity": "sha512-BViHy7LKeTz4oNnkcLJ+lVSL6vpiFeX6/d3oSH8zCW7UxP2onchk+vTGB143xuFjHS3deTgkKoXXymXqymiIdA==",
      "dev": true,
      "requires": {
        "inherits": "^2.0.3",
        "string_decoder": "^1.1.1",
        "util-deprecate": "^1.0.1"
      }
    },
    "regenerator-runtime": {
      "version": "0.13.7",
      "resolved": "https://registry.npmjs.org/regenerator-runtime/-/regenerator-runtime-0.13.7.tgz",
      "integrity": "sha512-a54FxoJDIr27pgf7IgeQGxmqUNYrcV338lf/6gH456HZ/PhX+5BcwHXG9ajESmwe6WRO0tAzRUrRmNONWgkrew==",
      "dev": true
    },
    "rimraf": {
      "version": "3.0.2",
      "resolved": "https://registry.npmjs.org/rimraf/-/rimraf-3.0.2.tgz",
      "integrity": "sha512-JZkJMZkAGFFPP2YqXZXPbMlMBgsxzE8ILs4lMIX/2o0L9UBw9O/Y3o6wFw/i9YLapcUJWwqbi3kdxIPdC62TIA==",
      "dev": true,
      "requires": {
        "glob": "^7.1.3"
      }
    },
    "safe-buffer": {
      "version": "5.2.1",
      "resolved": "https://registry.npmjs.org/safe-buffer/-/safe-buffer-5.2.1.tgz",
      "integrity": "sha512-rp3So07KcdmmKbGvgaNxQSJr7bGVSVk5S9Eq1F+ppbRo70+YeaDxkw5Dd8NPN+GD6bjnYm2VuPuCXmpuYvmCXQ==",
      "dev": true
    },
    "sax": {
      "version": "1.2.4",
      "resolved": "https://registry.npmjs.org/sax/-/sax-1.2.4.tgz",
      "integrity": "sha512-NqVDv9TpANUjFm0N8uM5GxL36UgKi9/atZw+x7YFnQ8ckwFGKrl4xX4yWtrey3UJm5nP1kUbnYgLopqWNSRhWw==",
      "dev": true
    },
    "serve-handler": {
      "version": "6.1.3",
      "resolved": "https://registry.npmjs.org/serve-handler/-/serve-handler-6.1.3.tgz",
      "integrity": "sha512-FosMqFBNrLyeiIDvP1zgO6YoTzFYHxLDEIavhlmQ+knB2Z7l1t+kGLHkZIDN7UVWqQAmKI3D20A6F6jo3nDd4w==",
      "dev": true,
      "requires": {
        "bytes": "3.0.0",
        "content-disposition": "0.5.2",
        "fast-url-parser": "1.1.3",
        "mime-types": "2.1.18",
        "minimatch": "3.0.4",
        "path-is-inside": "1.0.2",
        "path-to-regexp": "2.2.1",
        "range-parser": "1.2.0"
      }
    },
    "string_decoder": {
      "version": "1.3.0",
      "resolved": "https://registry.npmjs.org/string_decoder/-/string_decoder-1.3.0.tgz",
      "integrity": "sha512-hkRX8U1WjJFd8LsDJ2yQ/wWWxaopEsABU1XfkM8A+j0+85JAGppt16cr1Whg6KIbb4okU6Mql6BOj+uup/wKeA==",
      "dev": true,
      "requires": {
        "safe-buffer": "~5.2.0"
      }
    },
    "supports-color": {
      "version": "5.5.0",
      "resolved": "https://registry.npmjs.org/supports-color/-/supports-color-5.5.0.tgz",
      "integrity": "sha512-QjVjwdXIt408MIiAqCX4oUKsgU2EqAGzs2Ppkm4aQYbjm+ZEWEcW4SfFNTr4uMNZma0ey4f5lgLrkB0aX0QMow==",
      "dev": true,
      "requires": {
        "has-flag": "^3.0.0"
      }
    },
    "tar-fs": {
      "version": "2.0.0",
      "resolved": "https://registry.npmjs.org/tar-fs/-/tar-fs-2.0.0.tgz",
      "integrity": "sha512-vaY0obB6Om/fso8a8vakQBzwholQ7v5+uy+tF3Ozvxv1KNezmVQAiWtcNmMHFSFPqL3dJA8ha6gdtFbfX9mcxA==",
      "dev": true,
      "requires": {
        "chownr": "^1.1.1",
        "mkdirp": "^0.5.1",
        "pump": "^3.0.0",
        "tar-stream": "^2.0.0"
      }
    },
    "tar-stream": {
      "version": "2.2.0",
      "resolved": "https://registry.npmjs.org/tar-stream/-/tar-stream-2.2.0.tgz",
      "integrity": "sha512-ujeqbceABgwMZxEJnk2HDY2DlnUZ+9oEcb1KzTVfYHio0UE6dG71n60d8D2I4qNvleWrrXpmjpt7vZeF1LnMZQ==",
      "dev": true,
      "requires": {
        "bl": "^4.0.3",
        "end-of-stream": "^1.4.1",
        "fs-constants": "^1.0.0",
        "inherits": "^2.0.3",
        "readable-stream": "^3.1.1"
      }
    },
    "through": {
      "version": "2.3.8",
      "resolved": "https://registry.npmjs.org/through/-/through-2.3.8.tgz",
      "integrity": "sha1-DdTJ/6q8NXlgsbckEV1+Doai4fU=",
      "dev": true
    },
    "timm": {
      "version": "1.7.1",
      "resolved": "https://registry.npmjs.org/timm/-/timm-1.7.1.tgz",
      "integrity": "sha512-IjZc9KIotudix8bMaBW6QvMuq64BrJWFs1+4V0lXwWGQZwH+LnX87doAYhem4caOEusRP9/g6jVDQmZ8XOk1nw==",
      "dev": true
    },
    "tiny-glob": {
      "version": "0.2.6",
      "resolved": "https://registry.npmjs.org/tiny-glob/-/tiny-glob-0.2.6.tgz",
      "integrity": "sha512-A7ewMqPu1B5PWwC3m7KVgAu96Ch5LA0w4SnEN/LbDREj/gAD0nPWboRbn8YoP9ISZXqeNAlMvKSKoEuhcfK3Pw==",
      "dev": true,
      "requires": {
        "globalyzer": "^0.1.0",
        "globrex": "^0.1.1"
      }
    },
    "tinycolor2": {
      "version": "1.4.2",
      "resolved": "https://registry.npmjs.org/tinycolor2/-/tinycolor2-1.4.2.tgz",
      "integrity": "sha512-vJhccZPs965sV/L2sU4oRQVAos0pQXwsvTLkWYdqJ+a8Q5kPFzJTuOFwy7UniPli44NKQGAglksjvOcpo95aZA==",
      "dev": true
    },
    "unbzip2-stream": {
      "version": "1.3.3",
      "resolved": "https://registry.npmjs.org/unbzip2-stream/-/unbzip2-stream-1.3.3.tgz",
      "integrity": "sha512-fUlAF7U9Ah1Q6EieQ4x4zLNejrRvDWUYmxXUpN3uziFYCHapjWFaCAnreY9bGgxzaMCFAPPpYNng57CypwJVhg==",
      "dev": true,
      "requires": {
        "buffer": "^5.2.1",
        "through": "^2.3.8"
      }
    },
    "utif": {
      "version": "2.0.1",
      "resolved": "https://registry.npmjs.org/utif/-/utif-2.0.1.tgz",
      "integrity": "sha512-Z/S1fNKCicQTf375lIP9G8Sa1H/phcysstNrrSdZKj1f9g58J4NMgb5IgiEZN9/nLMPDwF0W7hdOe9Qq2IYoLg==",
      "dev": true,
      "requires": {
        "pako": "^1.0.5"
      }
    },
    "util-deprecate": {
      "version": "1.0.2",
      "resolved": "https://registry.npmjs.org/util-deprecate/-/util-deprecate-1.0.2.tgz",
      "integrity": "sha1-RQ1Nyfpw3nMnYvvS1KKJgUGaDM8=",
      "dev": true
    },
    "wrappy": {
      "version": "1.0.2",
      "resolved": "https://registry.npmjs.org/wrappy/-/wrappy-1.0.2.tgz",
      "integrity": "sha1-tSQ9jz7BqjXxNkYFvA0QNuMKtp8=",
      "dev": true
    },
    "ws": {
      "version": "7.4.6",
      "resolved": "https://registry.npmjs.org/ws/-/ws-7.4.6.tgz",
      "integrity": "sha512-YmhHDO4MzaDLB+M9ym/mDA5z0naX8j7SIlT8f8z+I0VtzsRbekxEutHSme7NPS2qE8StCYQNUnfWdXta/Yu85A==",
      "dev": true
    },
    "xhr": {
      "version": "2.5.0",
      "resolved": "https://registry.npmjs.org/xhr/-/xhr-2.5.0.tgz",
      "integrity": "sha512-4nlO/14t3BNUZRXIXfXe+3N6w3s1KoxcJUUURctd64BLRe67E4gRwp4PjywtDY72fXpZ1y6Ch0VZQRY/gMPzzQ==",
      "dev": true,
      "requires": {
        "global": "~4.3.0",
        "is-function": "^1.0.1",
        "parse-headers": "^2.0.0",
        "xtend": "^4.0.0"
      }
    },
    "xml-parse-from-string": {
      "version": "1.0.1",
      "resolved": "https://registry.npmjs.org/xml-parse-from-string/-/xml-parse-from-string-1.0.1.tgz",
      "integrity": "sha1-qQKekp09vN7RafPG4oI42VpdWig=",
      "dev": true
    },
    "xml2js": {
      "version": "0.4.23",
      "resolved": "https://registry.npmjs.org/xml2js/-/xml2js-0.4.23.tgz",
      "integrity": "sha512-ySPiMjM0+pLDftHgXY4By0uswI3SPKLDw/i3UXbnO8M/p28zqexCUoPmQFrYD+/1BzhGJSs2i1ERWKJAtiLrug==",
      "dev": true,
      "requires": {
        "sax": ">=0.6.0",
        "xmlbuilder": "~11.0.0"
      }
    },
    "xmlbuilder": {
      "version": "11.0.1",
      "resolved": "https://registry.npmjs.org/xmlbuilder/-/xmlbuilder-11.0.1.tgz",
      "integrity": "sha512-fDlsI/kFEx7gLvbecc0/ohLG50fugQp8ryHzMTuW9vSa1GJ0XYWKnhsUx7oie3G98+r56aTQIUB4kht42R3JvA==",
      "dev": true
    },
    "xtend": {
      "version": "4.0.2",
      "resolved": "https://registry.npmjs.org/xtend/-/xtend-4.0.2.tgz",
      "integrity": "sha512-LKYU1iAXJXUgAXn9URjiu+MWhyUXHsvfp7mcuYm9dSUKK0/CjtrUwFAxD82/mCWbtLsGjFIad0wIsod4zrTAEQ==",
      "dev": true
    },
    "yauzl": {
      "version": "2.10.0",
      "resolved": "https://registry.npmjs.org/yauzl/-/yauzl-2.10.0.tgz",
      "integrity": "sha1-x+sXyT4RLLEIb6bY5R+wZnt5pfk=",
      "dev": true,
      "requires": {
        "buffer-crc32": "~0.2.3",
        "fd-slicer": "~1.1.0"
      }
    }
  }
}
