{
    "name": "threejs-benchmarks",
    "version": "1.0.0",
    "lockfileVersion": 2,
    "requires": true,
    "packages": {
        "": {
            "name": "threejs-benchmarks",
            "version": "1.0.0",
            "license": "MIT",
            "devDependencies": {
                "benchmark": "2.1.0",
                "normalize.css": "^4.1.1",
                "underscore": "1.8.3"
            }
        },
        "node_modules/benchmark": {
            "version": "2.1.0",
            "resolved": "https://registry.npmjs.org/benchmark/-/benchmark-2.1.0.tgz",
            "integrity": "sha512-bee7R0V2cVzPGJIIEHPwx5Y9Gjl4qg8CBMdRz4n2s9KI+MKJnc9wKvzKc8iccWbg8/QXZA0ndAMT66sNTNVKLA==",
            "dev": true,
            "dependencies": {
                "lodash": "^4.0.1",
                "platform": "^1.3.1"
            }
        },
        "node_modules/lodash": {
            "version": "4.17.21",
            "resolved": "https://registry.npmjs.org/lodash/-/lodash-4.17.21.tgz",
            "integrity": "sha512-v2kDEe57lecTulaDIuNTPy3Ry4gLGJ6Z1O3vE1krgXZNrsQ+LFTGHVxVjcXPs17LhbZVGedAJv8XZ1tvj5FvSg==",
            "dev": true
        },
        "node_modules/normalize.css": {
            "version": "4.1.1",
            "resolved": "https://registry.npmjs.org/normalize.css/-/normalize.css-4.1.1.tgz",
            "integrity": "sha512-9CN4CpnFPuU9vnH4uNiS8J6DFsemK1OD4jW7vqNSv67TQurzOEBfD6kOKoIGoF93c5mmzBbKZ3vR1OXckLjSsw==",
            "dev": true
        },
        "node_modules/platform": {
            "version": "1.3.6",
            "resolved": "https://registry.npmjs.org/platform/-/platform-1.3.6.tgz",
            "integrity": "sha512-fnWVljUchTro6RiCFvCXBbNhJc2NijN7oIQxbwsyL0buWJPG85v81ehlHI9fXrJsMNgTofEoWIQeClKpgxFLrg==",
            "dev": true
        },
        "node_modules/underscore": {
            "version": "1.8.3",
            "resolved": "https://registry.npmjs.org/underscore/-/underscore-1.8.3.tgz",
            "integrity": "sha512-5WsVTFcH1ut/kkhAaHf4PVgI8c7++GiVcpCGxPouI6ZVjsqPnSDf8h/8HtVqc0t4fzRXwnMK70EcZeAs3PIddg==",
            "dev": true
        }
    },
    "dependencies": {
        "benchmark": {
            "version": "2.1.0",
            "resolved": "https://registry.npmjs.org/benchmark/-/benchmark-2.1.0.tgz",
            "integrity": "sha512-bee7R0V2cVzPGJIIEHPwx5Y9Gjl4qg8CBMdRz4n2s9KI+MKJnc9wKvzKc8iccWbg8/QXZA0ndAMT66sNTNVKLA==",
            "dev": true,
            "requires": {
                "lodash": "^4.0.1",
                "platform": "^1.3.1"
            }
        },
        "lodash": {
            "version": "4.17.21",
            "resolved": "https://registry.npmjs.org/lodash/-/lodash-4.17.21.tgz",
            "integrity": "sha512-v2kDEe57lecTulaDIuNTPy3Ry4gLGJ6Z1O3vE1krgXZNrsQ+LFTGHVxVjcXPs17LhbZVGedAJv8XZ1tvj5FvSg==",
            "dev": true
        },
        "normalize.css": {
            "version": "4.1.1",
            "resolved": "https://registry.npmjs.org/normalize.css/-/normalize.css-4.1.1.tgz",
            "integrity": "sha512-9CN4CpnFPuU9vnH4uNiS8J6DFsemK1OD4jW7vqNSv67TQurzOEBfD6kOKoIGoF93c5mmzBbKZ3vR1OXckLjSsw==",
            "dev": true
        },
        "platform": {
            "version": "1.3.6",
            "resolved": "https://registry.npmjs.org/platform/-/platform-1.3.6.tgz",
            "integrity": "sha512-fnWVljUchTro6RiCFvCXBbNhJc2NijN7oIQxbwsyL0buWJPG85v81ehlHI9fXrJsMNgTofEoWIQeClKpgxFLrg==",
            "dev": true
        },
        "underscore": {
            "version": "1.8.3",
            "resolved": "https://registry.npmjs.org/underscore/-/underscore-1.8.3.tgz",
            "integrity": "sha512-5WsVTFcH1ut/kkhAaHf4PVgI8c7++GiVcpCGxPouI6ZVjsqPnSDf8h/8HtVqc0t4fzRXwnMK70EcZeAs3PIddg==",
            "dev": true
        }
    }
}
